
Microsoft Visual Studio Solution File, Format Version 12.00
# Visual Studio Version 17
VisualStudioVersion = 17.3.32922.545
MinimumVisualStudioVersion = 10.0.40219.1
Project("{8BC9CEB8-8B4A-11D0-8D11-00A0C91BC942}") = "№1", "№1\№1.vcxproj", "{3F80190B-02FE-48A3-BDD9-B24EC4976FED}"
EndProject
Project("{8BC9CEB8-8B4A-11D0-8D11-00A0C91BC942}") = "№2", "№2\№2.vcxproj", "{4464978A-EC92-4ADC-87C8-BB5B041CAC40}"
EndProject
Project("{8BC9CEB8-8B4A-11D0-8D11-00A0C91BC942}") = "№3", "№3\№3.vcxproj", "{A17789D2-EAE8-42CB-8B33-AE2CD09274A9}"
EndProject
Project("{8BC9CEB8-8B4A-11D0-8D11-00A0C91BC942}") = "№4", "№4\№4.vcxproj", "{19DF6A9D-9417-4D99-A2A2-A18E880D4AB2}"
EndProject
Project("{8BC9CEB8-8B4A-11D0-8D11-00A0C91BC942}") = "№5", "№5\№5.vcxproj", "{9CB065E1-0A0D-4190-98EB-A8F2F70F360B}"
EndProject
Project("{8BC9CEB8-8B4A-11D0-8D11-00A0C91BC942}") = "№6", "№6\№6.vcxproj", "{2FC2E2B3-56B2-417C-8738-21CBDB10C374}"
EndProject
Project("{8BC9CEB8-8B4A-11D0-8D11-00A0C91BC942}") = "№7", "№7\№7.vcxproj", "{01761265-60B3-42D5-A362-8B8B2600CBB0}"
EndProject
Project("{8BC9CEB8-8B4A-11D0-8D11-00A0C91BC942}") = "№8", "№8\№8.vcxproj", "{11D7FB62-7486-4EFB-9C0C-8656F73CFCE6}"
EndProject
Project("{8BC9CEB8-8B4A-11D0-8D11-00A0C91BC942}") = "№9", "№9\№9.vcxproj", "{DC6688B3-F737-497F-AD13-2F84C4122204}"
EndProject
Project("{8BC9CEB8-8B4A-11D0-8D11-00A0C91BC942}") = "10", "10\10.vcxproj", "{6DFE36F0-509D-4BCD-B97B-B5AAC5084CE4}"
EndProject
Global
	GlobalSection(SolutionConfigurationPlatforms) = preSolution
		Debug|x64 = Debug|x64
		Debug|x86 = Debug|x86
		Release|x64 = Release|x64
		Release|x86 = Release|x86
	EndGlobalSection
	GlobalSection(ProjectConfigurationPlatforms) = postSolution
		{3F80190B-02FE-48A3-BDD9-B24EC4976FED}.Debug|x64.ActiveCfg = Debug|x64
		{3F80190B-02FE-48A3-BDD9-B24EC4976FED}.Debug|x64.Build.0 = Debug|x64
		{3F80190B-02FE-48A3-BDD9-B24EC4976FED}.Debug|x86.ActiveCfg = Debug|Win32
		{3F80190B-02FE-48A3-BDD9-B24EC4976FED}.Debug|x86.Build.0 = Debug|Win32
		{3F80190B-02FE-48A3-BDD9-B24EC4976FED}.Release|x64.ActiveCfg = Release|x64
		{3F80190B-02FE-48A3-BDD9-B24EC4976FED}.Release|x64.Build.0 = Release|x64
		{3F80190B-02FE-48A3-BDD9-B24EC4976FED}.Release|x86.ActiveCfg = Release|Win32
		{3F80190B-02FE-48A3-BDD9-B24EC4976FED}.Release|x86.Build.0 = Release|Win32
		{4464978A-EC92-4ADC-87C8-BB5B041CAC40}.Debug|x64.ActiveCfg = Debug|x64
		{4464978A-EC92-4ADC-87C8-BB5B041CAC40}.Debug|x64.Build.0 = Debug|x64
		{4464978A-EC92-4ADC-87C8-BB5B041CAC40}.Debug|x86.ActiveCfg = Debug|Win32
		{4464978A-EC92-4ADC-87C8-BB5B041CAC40}.Debug|x86.Build.0 = Debug|Win32
		{4464978A-EC92-4ADC-87C8-BB5B041CAC40}.Release|x64.ActiveCfg = Release|x64
		{4464978A-EC92-4ADC-87C8-BB5B041CAC40}.Release|x64.Build.0 = Release|x64
		{4464978A-EC92-4ADC-87C8-BB5B041CAC40}.Release|x86.ActiveCfg = Release|Win32
		{4464978A-EC92-4ADC-87C8-BB5B041CAC40}.Release|x86.Build.0 = Release|Win32
		{A17789D2-EAE8-42CB-8B33-AE2CD09274A9}.Debug|x64.ActiveCfg = Debug|x64
		{A17789D2-EAE8-42CB-8B33-AE2CD09274A9}.Debug|x64.Build.0 = Debug|x64
		{A17789D2-EAE8-42CB-8B33-AE2CD09274A9}.Debug|x86.ActiveCfg = Debug|Win32
		{A17789D2-EAE8-42CB-8B33-AE2CD09274A9}.Debug|x86.Build.0 = Debug|Win32
		{A17789D2-EAE8-42CB-8B33-AE2CD09274A9}.Release|x64.ActiveCfg = Release|x64
		{A17789D2-EAE8-42CB-8B33-AE2CD09274A9}.Release|x64.Build.0 = Release|x64
		{A17789D2-EAE8-42CB-8B33-AE2CD09274A9}.Release|x86.ActiveCfg = Release|Win32
		{A17789D2-EAE8-42CB-8B33-AE2CD09274A9}.Release|x86.Build.0 = Release|Win32
		{19DF6A9D-9417-4D99-A2A2-A18E880D4AB2}.Debug|x64.ActiveCfg = Debug|x64
		{19DF6A9D-9417-4D99-A2A2-A18E880D4AB2}.Debug|x64.Build.0 = Debug|x64
		{19DF6A9D-9417-4D99-A2A2-A18E880D4AB2}.Debug|x86.ActiveCfg = Debug|Win32
		{19DF6A9D-9417-4D99-A2A2-A18E880D4AB2}.Debug|x86.Build.0 = Debug|Win32
		{19DF6A9D-9417-4D99-A2A2-A18E880D4AB2}.Release|x64.ActiveCfg = Release|x64
		{19DF6A9D-9417-4D99-A2A2-A18E880D4AB2}.Release|x64.Build.0 = Release|x64
		{19DF6A9D-9417-4D99-A2A2-A18E880D4AB2}.Release|x86.ActiveCfg = Release|Win32
		{19DF6A9D-9417-4D99-A2A2-A18E880D4AB2}.Release|x86.Build.0 = Release|Win32
		{9CB065E1-0A0D-4190-98EB-A8F2F70F360B}.Debug|x64.ActiveCfg = Debug|x64
		{9CB065E1-0A0D-4190-98EB-A8F2F70F360B}.Debug|x64.Build.0 = Debug|x64
		{9CB065E1-0A0D-4190-98EB-A8F2F70F360B}.Debug|x86.ActiveCfg = Debug|Win32
		{9CB065E1-0A0D-4190-98EB-A8F2F70F360B}.Debug|x86.Build.0 = Debug|Win32
		{9CB065E1-0A0D-4190-98EB-A8F2F70F360B}.Release|x64.ActiveCfg = Release|x64
		{9CB065E1-0A0D-4190-98EB-A8F2F70F360B}.Release|x64.Build.0 = Release|x64
		{9CB065E1-0A0D-4190-98EB-A8F2F70F360B}.Release|x86.ActiveCfg = Release|Win32
		{9CB065E1-0A0D-4190-98EB-A8F2F70F360B}.Release|x86.Build.0 = Release|Win32
		{2FC2E2B3-56B2-417C-8738-21CBDB10C374}.Debug|x64.ActiveCfg = Debug|x64
		{2FC2E2B3-56B2-417C-8738-21CBDB10C374}.Debug|x64.Build.0 = Debug|x64
		{2FC2E2B3-56B2-417C-8738-21CBDB10C374}.Debug|x86.ActiveCfg = Debug|Win32
		{2FC2E2B3-56B2-417C-8738-21CBDB10C374}.Debug|x86.Build.0 = Debug|Win32
		{2FC2E2B3-56B2-417C-8738-21CBDB10C374}.Release|x64.ActiveCfg = Release|x64
		{2FC2E2B3-56B2-417C-8738-21CBDB10C374}.Release|x64.Build.0 = Release|x64
		{2FC2E2B3-56B2-417C-8738-21CBDB10C374}.Release|x86.ActiveCfg = Release|Win32
		{2FC2E2B3-56B2-417C-8738-21CBDB10C374}.Release|x86.Build.0 = Release|Win32
		{01761265-60B3-42D5-A362-8B8B2600CBB0}.Debug|x64.ActiveCfg = Debug|x64
		{01761265-60B3-42D5-A362-8B8B2600CBB0}.Debug|x64.Build.0 = Debug|x64
		{01761265-60B3-42D5-A362-8B8B2600CBB0}.Debug|x86.ActiveCfg = Debug|Win32
		{01761265-60B3-42D5-A362-8B8B2600CBB0}.Debug|x86.Build.0 = Debug|Win32
		{01761265-60B3-42D5-A362-8B8B2600CBB0}.Release|x64.ActiveCfg = Release|x64
		{01761265-60B3-42D5-A362-8B8B2600CBB0}.Release|x64.Build.0 = Release|x64
		{01761265-60B3-42D5-A362-8B8B2600CBB0}.Release|x86.ActiveCfg = Release|Win32
		{01761265-60B3-42D5-A362-8B8B2600CBB0}.Release|x86.Build.0 = Release|Win32
		{11D7FB62-7486-4EFB-9C0C-8656F73CFCE6}.Debug|x64.ActiveCfg = Debug|x64
		{11D7FB62-7486-4EFB-9C0C-8656F73CFCE6}.Debug|x64.Build.0 = Debug|x64
		{11D7FB62-7486-4EFB-9C0C-8656F73CFCE6}.Debug|x86.ActiveCfg = Debug|Win32
		{11D7FB62-7486-4EFB-9C0C-8656F73CFCE6}.Debug|x86.Build.0 = Debug|Win32
		{11D7FB62-7486-4EFB-9C0C-8656F73CFCE6}.Release|x64.ActiveCfg = Release|x64
		{11D7FB62-7486-4EFB-9C0C-8656F73CFCE6}.Release|x64.Build.0 = Release|x64
		{11D7FB62-7486-4EFB-9C0C-8656F73CFCE6}.Release|x86.ActiveCfg = Release|Win32
		{11D7FB62-7486-4EFB-9C0C-8656F73CFCE6}.Release|x86.Build.0 = Release|Win32
		{DC6688B3-F737-497F-AD13-2F84C4122204}.Debug|x64.ActiveCfg = Debug|x64
		{DC6688B3-F737-497F-AD13-2F84C4122204}.Debug|x64.Build.0 = Debug|x64
		{DC6688B3-F737-497F-AD13-2F84C4122204}.Debug|x86.ActiveCfg = Debug|Win32
		{DC6688B3-F737-497F-AD13-2F84C4122204}.Debug|x86.Build.0 = Debug|Win32
		{DC6688B3-F737-497F-AD13-2F84C4122204}.Release|x64.ActiveCfg = Release|x64
		{DC6688B3-F737-497F-AD13-2F84C4122204}.Release|x64.Build.0 = Release|x64
		{DC6688B3-F737-497F-AD13-2F84C4122204}.Release|x86.ActiveCfg = Release|Win32
		{DC6688B3-F737-497F-AD13-2F84C4122204}.Release|x86.Build.0 = Release|Win32
		{6DFE36F0-509D-4BCD-B97B-B5AAC5084CE4}.Debug|x64.ActiveCfg = Debug|x64
		{6DFE36F0-509D-4BCD-B97B-B5AAC5084CE4}.Debug|x64.Build.0 = Debug|x64
		{6DFE36F0-509D-4BCD-B97B-B5AAC5084CE4}.Debug|x86.ActiveCfg = Debug|Win32
		{6DFE36F0-509D-4BCD-B97B-B5AAC5084CE4}.Debug|x86.Build.0 = Debug|Win32
		{6DFE36F0-509D-4BCD-B97B-B5AAC5084CE4}.Release|x64.ActiveCfg = Release|x64
		{6DFE36F0-509D-4BCD-B97B-B5AAC5084CE4}.Release|x64.Build.0 = Release|x64
		{6DFE36F0-509D-4BCD-B97B-B5AAC5084CE4}.Release|x86.ActiveCfg = Release|Win32
		{6DFE36F0-509D-4BCD-B97B-B5AAC5084CE4}.Release|x86.Build.0 = Release|Win32
	EndGlobalSection
	GlobalSection(SolutionProperties) = preSolution
		HideSolutionNode = FALSE
	EndGlobalSection
	GlobalSection(ExtensibilityGlobals) = postSolution
		SolutionGuid = {13A80FD8-B1EC-430C-B045-28C1C0EA0257}
	EndGlobalSection
EndGlobal
